
Microsoft Visual Studio Solution File, Format Version 12.00
# Visual Studio Version 17
VisualStudioVersion = 17.8.34322.80
MinimumVisualStudioVersion = 10.0.40219.1
Project("{2150E333-8FDC-42A3-9474-1A3956D46DE8}") = "Services", "Services", "{E9FF06B4-9193-490B-9930-AEEA5A157DFE}"
EndProject
Project("{2150E333-8FDC-42A3-9474-1A3956D46DE8}") = "Catalog", "Catalog", "{4CA0A54A-76E6-4501-B88B-3C1AFFEEC659}"
EndProject
Project("{9A19103F-16F7-4668-BE54-9A1E7A4F7556}") = "MultiShop.Catalog", "Services\Catalog\MultiShop.Catalog\MultiShop.Catalog.csproj", "{2E2ACE87-DA09-471E-A29C-71A954413190}"
EndProject
Project("{2150E333-8FDC-42A3-9474-1A3956D46DE8}") = "Discount", "Discount", "{FACF9E59-4872-44D9-B7B0-257997E6DE4E}"
EndProject
Project("{9A19103F-16F7-4668-BE54-9A1E7A4F7556}") = "Multishop.Discount", "Services\Discount\Multishop.Discount\Multishop.Discount.csproj", "{C066F5CD-7DB3-4336-A5C5-7E1118F77A9A}"
EndProject
Project("{2150E333-8FDC-42A3-9474-1A3956D46DE8}") = "Order", "Order", "{6461DC91-C53D-4459-AB8B-1684C043ACA1}"
EndProject
Project("{2150E333-8FDC-42A3-9474-1A3956D46DE8}") = "Core", "Core", "{3956D1ED-7C17-46AD-BBF1-857A7A7F7FC3}"
EndProject
Project("{2150E333-8FDC-42A3-9474-1A3956D46DE8}") = "Infrastructure", "Infrastructure", "{7DC52518-1D8C-4992-B044-D21A73098FB6}"
EndProject
Project("{2150E333-8FDC-42A3-9474-1A3956D46DE8}") = "Presentation", "Presentation", "{598FFDF7-93EE-411E-B632-D8E5F955113B}"
EndProject
Project("{9A19103F-16F7-4668-BE54-9A1E7A4F7556}") = "MultiShop.Order.Domain", "Services\Order\Core\MultiShop.Order.Domain\MultiShop.Order.Domain.csproj", "{4D1D7006-FDCC-464D-8AD0-49F60D5194AD}"
EndProject
Project("{9A19103F-16F7-4668-BE54-9A1E7A4F7556}") = "MultiShop.Order.Application", "Services\Order\Core\MultiShop.Order.Application\MultiShop.Order.Application.csproj", "{1CB8D39B-786D-4681-A069-AA9B6F4BE59B}"
EndProject
Project("{9A19103F-16F7-4668-BE54-9A1E7A4F7556}") = "MultiShop.Order.Persistence", "Services\Order\Infrastructure\MultiShop.Order.Persistence\MultiShop.Order.Persistence.csproj", "{A542941C-44A8-481A-A25E-41979D9F588B}"
EndProject
Project("{9A19103F-16F7-4668-BE54-9A1E7A4F7556}") = "MultiShop.Order.WebApi", "Order\Presentation\MultiShop.Order.WebApi\MultiShop.Order.WebApi.csproj", "{4AFBB29E-E306-4F99-813A-EEA8CE1BE714}"
EndProject
Project("{2150E333-8FDC-42A3-9474-1A3956D46DE8}") = "Requirement", "Requirement", "{9148F054-27F6-4E9C-A3BC-8F72BC39A892}"
	ProjectSection(SolutionItems) = preProject
		..\..\..\Downloads\MultiShop-master\MultiShop-master\IdentityServerVersionErrorSolution.txt = ..\..\..\Downloads\MultiShop-master\MultiShop-master\IdentityServerVersionErrorSolution.txt
		PortainerCmd.txt = PortainerCmd.txt
		PortNumbers.txt = PortNumbers.txt
	EndProjectSection
EndProject
Project("{2150E333-8FDC-42A3-9474-1A3956D46DE8}") = "IdentityServer", "IdentityServer", "{3E8CE138-55C2-4415-B2EA-2D51F05BF0CA}"
EndProject
Project("{9A19103F-16F7-4668-BE54-9A1E7A4F7556}") = "MultiShop.IdentityServer", "IdentityServer\MultiShop.IdentityServer\MultiShop.IdentityServer.csproj", "{27D22102-8C87-4BE2-9015-EA2540070F7F}"
EndProject
Global
	GlobalSection(SolutionConfigurationPlatforms) = preSolution
		Debug|Any CPU = Debug|Any CPU
		Release|Any CPU = Release|Any CPU
	EndGlobalSection
	GlobalSection(ProjectConfigurationPlatforms) = postSolution
		{2E2ACE87-DA09-471E-A29C-71A954413190}.Debug|Any CPU.ActiveCfg = Debug|Any CPU
		{2E2ACE87-DA09-471E-A29C-71A954413190}.Debug|Any CPU.Build.0 = Debug|Any CPU
		{2E2ACE87-DA09-471E-A29C-71A954413190}.Release|Any CPU.ActiveCfg = Release|Any CPU
		{2E2ACE87-DA09-471E-A29C-71A954413190}.Release|Any CPU.Build.0 = Release|Any CPU
		{C066F5CD-7DB3-4336-A5C5-7E1118F77A9A}.Debug|Any CPU.ActiveCfg = Debug|Any CPU
		{C066F5CD-7DB3-4336-A5C5-7E1118F77A9A}.Debug|Any CPU.Build.0 = Debug|Any CPU
		{C066F5CD-7DB3-4336-A5C5-7E1118F77A9A}.Release|Any CPU.ActiveCfg = Release|Any CPU
		{C066F5CD-7DB3-4336-A5C5-7E1118F77A9A}.Release|Any CPU.Build.0 = Release|Any CPU
		{4D1D7006-FDCC-464D-8AD0-49F60D5194AD}.Debug|Any CPU.ActiveCfg = Debug|Any CPU
		{4D1D7006-FDCC-464D-8AD0-49F60D5194AD}.Debug|Any CPU.Build.0 = Debug|Any CPU
		{4D1D7006-FDCC-464D-8AD0-49F60D5194AD}.Release|Any CPU.ActiveCfg = Release|Any CPU
		{4D1D7006-FDCC-464D-8AD0-49F60D5194AD}.Release|Any CPU.Build.0 = Release|Any CPU
		{1CB8D39B-786D-4681-A069-AA9B6F4BE59B}.Debug|Any CPU.ActiveCfg = Debug|Any CPU
		{1CB8D39B-786D-4681-A069-AA9B6F4BE59B}.Debug|Any CPU.Build.0 = Debug|Any CPU
		{1CB8D39B-786D-4681-A069-AA9B6F4BE59B}.Release|Any CPU.ActiveCfg = Release|Any CPU
		{1CB8D39B-786D-4681-A069-AA9B6F4BE59B}.Release|Any CPU.Build.0 = Release|Any CPU
		{A542941C-44A8-481A-A25E-41979D9F588B}.Debug|Any CPU.ActiveCfg = Debug|Any CPU
		{A542941C-44A8-481A-A25E-41979D9F588B}.Debug|Any CPU.Build.0 = Debug|Any CPU
		{A542941C-44A8-481A-A25E-41979D9F588B}.Release|Any CPU.ActiveCfg = Release|Any CPU
		{A542941C-44A8-481A-A25E-41979D9F588B}.Release|Any CPU.Build.0 = Release|Any CPU
		{4AFBB29E-E306-4F99-813A-EEA8CE1BE714}.Debug|Any CPU.ActiveCfg = Debug|Any CPU
		{4AFBB29E-E306-4F99-813A-EEA8CE1BE714}.Debug|Any CPU.Build.0 = Debug|Any CPU
		{4AFBB29E-E306-4F99-813A-EEA8CE1BE714}.Release|Any CPU.ActiveCfg = Release|Any CPU
		{4AFBB29E-E306-4F99-813A-EEA8CE1BE714}.Release|Any CPU.Build.0 = Release|Any CPU
		{27D22102-8C87-4BE2-9015-EA2540070F7F}.Debug|Any CPU.ActiveCfg = Debug|Any CPU
		{27D22102-8C87-4BE2-9015-EA2540070F7F}.Debug|Any CPU.Build.0 = Debug|Any CPU
		{27D22102-8C87-4BE2-9015-EA2540070F7F}.Release|Any CPU.ActiveCfg = Release|Any CPU
		{27D22102-8C87-4BE2-9015-EA2540070F7F}.Release|Any CPU.Build.0 = Release|Any CPU
	EndGlobalSection
	GlobalSection(SolutionProperties) = preSolution
		HideSolutionNode = FALSE
	EndGlobalSection
	GlobalSection(NestedProjects) = preSolution
		{4CA0A54A-76E6-4501-B88B-3C1AFFEEC659} = {E9FF06B4-9193-490B-9930-AEEA5A157DFE}
		{2E2ACE87-DA09-471E-A29C-71A954413190} = {4CA0A54A-76E6-4501-B88B-3C1AFFEEC659}
		{FACF9E59-4872-44D9-B7B0-257997E6DE4E} = {E9FF06B4-9193-490B-9930-AEEA5A157DFE}
		{C066F5CD-7DB3-4336-A5C5-7E1118F77A9A} = {FACF9E59-4872-44D9-B7B0-257997E6DE4E}
		{6461DC91-C53D-4459-AB8B-1684C043ACA1} = {E9FF06B4-9193-490B-9930-AEEA5A157DFE}
		{3956D1ED-7C17-46AD-BBF1-857A7A7F7FC3} = {6461DC91-C53D-4459-AB8B-1684C043ACA1}
		{7DC52518-1D8C-4992-B044-D21A73098FB6} = {6461DC91-C53D-4459-AB8B-1684C043ACA1}
		{598FFDF7-93EE-411E-B632-D8E5F955113B} = {6461DC91-C53D-4459-AB8B-1684C043ACA1}
		{4D1D7006-FDCC-464D-8AD0-49F60D5194AD} = {3956D1ED-7C17-46AD-BBF1-857A7A7F7FC3}
		{1CB8D39B-786D-4681-A069-AA9B6F4BE59B} = {3956D1ED-7C17-46AD-BBF1-857A7A7F7FC3}
		{A542941C-44A8-481A-A25E-41979D9F588B} = {7DC52518-1D8C-4992-B044-D21A73098FB6}
		{4AFBB29E-E306-4F99-813A-EEA8CE1BE714} = {598FFDF7-93EE-411E-B632-D8E5F955113B}
		{27D22102-8C87-4BE2-9015-EA2540070F7F} = {3E8CE138-55C2-4415-B2EA-2D51F05BF0CA}
	EndGlobalSection
	GlobalSection(ExtensibilityGlobals) = postSolution
		SolutionGuid = {BBCE0B63-57C9-4F39-9E48-19E97DEEFBB4}
	EndGlobalSection
EndGlobal
